{
  "name": "retroroms",
  "version": "0.1.0",
  "lockfileVersion": 3,
  "requires": true,
  "packages": {
    "": {
      "name": "retroroms",
      "version": "0.1.0",
      "license": "UNLICENSED",
      "workspaces": [
        "apps/*",
        "packages/*"
      ],
      "engines": {
        "node": ">=22"
      }
    },
    "node_modules/@retroroms/core": {
      "resolved": "packages/core",
      "link": true
    },
    "packages/core": {
      "name": "@retroroms/core",
      "version": "0.1.0"
    }
  }
}
